hash: 3a24b42c6f476ff243759f997e9e0ed81600ce0db78f7885989972c67fe5c284
updated: 2016-12-11T11:43:02.544671431Z
imports:
- name: github.com/ararog/timeago
  version: e9969cf18b8d5f04cc42f050e8b9968e152cd294
- name: github.com/atotto/clipboard
  version: bb272b845f1112e10117e3e45ce39f690c0001ad
- name: github.com/boltdb/bolt
  version: 0d9f544bb94aac29c185968483459ef74d6deb5d
- name: github.com/briandowns/spinner
  version: cd65e8bd7da20cdcee450f7cbdd9cc04f78bc02f
- name: github.com/fatih/color
  version: bf82308e8c8546dc2b945157173eb8a959ae9505
- name: github.com/golang/protobuf
  version: 8ee79997227bf9b34611aee7946ae64735e6fd93
  subpackages:
  - proto
- name: github.com/google/go-github
  version: 5c45bca952b96dedace6c307caff915483013003
  subpackages:
  - github
- name: github.com/google/go-querystring
  version: 9235644dd9e52eeae6fa48efd539fdc351a0af53
  subpackages:
  - query
- name: github.com/howeyc/gopass
  version: f5387c492211eb133053880d23dfae62aa14123d
- name: github.com/mattn/go-colorable
  version: d228849504861217f796da67fae4f6e347643f15
- name: github.com/mattn/go-isatty
  version: 30a891c33c7cde7b02a981314b4228ec99380cca
- name: github.com/moul/http2curl
  version: 4e24498b31dba4683efb9d35c1c8a91e2eda28c8
- name: github.com/parnurzeal/gorequest
  version: bdd24ac7ec2b0b2126f4782dd031644cbea1d223
- name: github.com/segmentio/go-prompt
  version: f0d19b6901ade831d5a3204edc0d6a7d6457fbb2
- name: github.com/spf13/afero
  version: 2f30b2a92c0e5700bcfe4715891adb1f2a7a406d
  subpackages:
  - mem
- name: golang.org/x/crypto
  version: b07d8c96772f426812d3fc5530710ec1f3b205e7
  subpackages:
  - ssh/terminal
- name: golang.org/x/net
  version: b1a2d6e8c8b5fc8f601ead62536f02a8e1b6217d
  subpackages:
  - context
  - publicsuffix
- name: golang.org/x/oauth2
  version: da3ce8d62a7f77aadfda06cb82bd604d6469c645
  subpackages:
  - internal
- name: golang.org/x/sys
  version: 478fcf54317e52ab69f40bb4c7a1520288d7f7ea
  subpackages:
  - unix
- name: golang.org/x/text
  version: 47a200a05c8b3fd1b698571caecbb68beb2611ec
  subpackages:
  - transform
  - unicode/norm
- name: google.golang.org/appengine
  version: ca59ef35f409df61fa4a5f8290ff289b37eccfb8
  subpackages:
  - internal
  - internal/base
  - internal/datastore
  - internal/log
  - internal/remote_api
  - internal/urlfetch
  - urlfetch
testImports:
- name: github.com/davecgh/go-spew
  version: 04cdfd42973bb9c8589fd6a731800cf222fde1a9
  subpackages:
  - spew
- name: github.com/pmezard/go-difflib
  version: d8ed2627bdf02c080bf22230dbb337003b7aba2d
  subpackages:
  - difflib
- name: github.com/stretchr/testify
  version: 18a02ba4a312f95da08ff4cfc0055750ce50ae9e
  subpackages:
  - assert
